// !$*UTF8*$!
{
	archiveVersion = 1;
	classes = {
	};
	objectVersion = 50;
	objects = {

/* Begin PBXBuildFile section */
		89863A6C25D83133009DA417 /* RandomTimerApp.swift in Sources */ = {isa = PBXBuildFile; fileRef = 89863A6B25D83133009DA417 /* RandomTimerApp.swift */; };
		89863A6E25D83133009DA417 /* ContentView.swift in Sources */ = {isa = PBXBuildFile; fileRef = 89863A6D25D83133009DA417 /* ContentView.swift */; };
		89863A7025D83134009DA417 /* Assets.xcassets in Resources */ = {isa = PBXBuildFile; fileRef = 89863A6F25D83134009DA417 /* Assets.xcassets */; };
		89863A7325D83134009DA417 /* Preview Assets.xcassets in Resources */ = {isa = PBXBuildFile; fileRef = 89863A7225D83134009DA417 /* Preview Assets.xcassets */; };
		89863A7E25D83135009DA417 /* RandomTimerTests.swift in Sources */ = {isa = PBXBuildFile; fileRef = 89863A7D25D83135009DA417 /* RandomTimerTests.swift */; };
		89863A8925D83135009DA417 /* RandomTimerUITests.swift in Sources */ = {isa = PBXBuildFile; fileRef = 89863A8825D83135009DA417 /* RandomTimerUITests.swift */; };
/* End PBXBuildFile section */

/* Begin PBXContainerItemProxy section */
		89863A7A25D83135009DA417 /* PBXContainerItemProxy */ = {
			isa = PBXContainerItemProxy;
			containerPortal = 89863A6025D83133009DA417 /* Project object */;
			proxyType = 1;
			remoteGlobalIDString = 89863A6725D83133009DA417;
			remoteInfo = RandomTimer;
		};
		89863A8525D83135009DA417 /* PBXContainerItemProxy */ = {
			isa = PBXContainerItemProxy;
			containerPortal = 89863A6025D83133009DA417 /* Project object */;
			proxyType = 1;
			remoteGlobalIDString = 89863A6725D83133009DA417;
			remoteInfo = RandomTimer;
		};
/* End PBXContainerItemProxy section */

/* Begin PBXFileReference section */
		89863A6825D83133009DA417 /* RandomTimer.app */ = {isa = PBXFileReference; explicitFileType = wrapper.application; includeInIndex = 0; path = RandomTimer.app; sourceTree = BUILT_PRODUCTS_DIR; };
		89863A6B25D83133009DA417 /* RandomTimerApp.swift */ = {isa = PBXFileReference; lastKnownFileType = sourcecode.swift; path = RandomTimerApp.swift; sourceTree = "<group>"; };
		89863A6D25D83133009DA417 /* ContentView.swift */ = {isa = PBXFileReference; lastKnownFileType = sourcecode.swift; path = ContentView.swift; sourceTree = "<group>"; };
		89863A6F25D83134009DA417 /* Assets.xcassets */ = {isa = PBXFileReference; lastKnownFileType = folder.assetcatalog; path = Assets.xcassets; sourceTree = "<group>"; };
		89863A7225D83134009DA417 /* Preview Assets.xcassets */ = {isa = PBXFileReference; lastKnownFileType = folder.assetcatalog; path = "Preview Assets.xcassets"; sourceTree = "<group>"; };
		89863A7425D83134009DA417 /* Info.plist */ = {isa = PBXFileReference; lastKnownFileType = text.plist.xml; path = Info.plist; sourceTree = "<group>"; };
		89863A7925D83135009DA417 /* RandomTimerTests.xctest */ = {isa = PBXFileReference; explicitFileType = wrapper.cfbundle; includeInIndex = 0; path = RandomTimerTests.xctest; sourceTree = BUILT_PRODUCTS_DIR; };
		89863A7D25D83135009DA417 /* RandomTimerTests.swift */ = {isa = PBXFileReference; lastKnownFileType = sourcecode.swift; path = RandomTimerTests.swift; sourceTree = "<group>"; };
		89863A7F25D83135009DA417 /* Info.plist */ = {isa = PBXFileReference; lastKnownFileType = text.plist.xml; path = Info.plist; sourceTree = "<group>"; };
		89863A8425D83135009DA417 /* RandomTimerUITests.xctest */ = {isa = PBXFileReference; explicitFileType = wrapper.cfbundle; includeInIndex = 0; path = RandomTimerUITests.xctest; sourceTree = BUILT_PRODUCTS_DIR; };
		89863A8825D83135009DA417 /* RandomTimerUITests.swift */ = {isa = PBXFileReference; lastKnownFileType = sourcecode.swift; path = RandomTimerUITests.swift; sourceTree = "<group>"; };
		89863A8A25D83135009DA417 /* Info.plist */ = {isa = PBXFileReference; lastKnownFileType = text.plist.xml; path = Info.plist; sourceTree = "<group>"; };
/* End PBXFileReference section */

/* Begin PBXFrameworksBuildPhase section */
		89863A6525D83133009DA417 /* Frameworks */ = {
			isa = PBXFrameworksBuildPhase;
			buildActionMask = 2147483647;
			files = (
			);
			runOnlyForDeploymentPostprocessing = 0;
		};
		89863A7625D83135009DA417 /* Frameworks */ = {
			isa = PBXFrameworksBuildPhase;
			buildActionMask = 2147483647;
			files = (
			);
			runOnlyForDeploymentPostprocessing = 0;
		};
		89863A8125D83135009DA417 /* Frameworks */ = {
			isa = PBXFrameworksBuildPhase;
			buildActionMask = 2147483647;
			files = (
			);
			runOnlyForDeploymentPostprocessing = 0;
		};
/* End PBXFrameworksBuildPhase section */

/* Begin PBXGroup section */
		89863A5F25D83133009DA417 = {
			isa = PBXGroup;
			children = (
				89863A6A25D83133009DA417 /* RandomTimer */,
				89863A7C25D83135009DA417 /* RandomTimerTests */,
				89863A8725D83135009DA417 /* RandomTimerUITests */,
				89863A6925D83133009DA417 /* Products */,
			);
			sourceTree = "<group>";
		};
		89863A6925D83133009DA417 /* Products */ = {
			isa = PBXGroup;
			children = (
				89863A6825D83133009DA417 /* RandomTimer.app */,
				89863A7925D83135009DA417 /* RandomTimerTests.xctest */,
				89863A8425D83135009DA417 /* RandomTimerUITests.xctest */,
			);
			name = Products;
			sourceTree = "<group>";
		};
		89863A6A25D83133009DA417 /* RandomTimer */ = {
			isa = PBXGroup;
			children = (
				89863A6B25D83133009DA417 /* RandomTimerApp.swift */,
				89863A6D25D83133009DA417 /* ContentView.swift */,
				89863A6F25D83134009DA417 /* Assets.xcassets */,
				89863A7425D83134009DA417 /* Info.plist */,
				89863A7125D83134009DA417 /* Preview Content */,
			);
			path = RandomTimer;
			sourceTree = "<group>";
		};
		89863A7125D83134009DA417 /* Preview Content */ = {
			isa = PBXGroup;
			children = (
				89863A7225D83134009DA417 /* Preview Assets.xcassets */,
			);
			path = "Preview Content";
			sourceTree = "<group>";
		};
		89863A7C25D83135009DA417 /* RandomTimerTests */ = {
			isa = PBXGroup;
			children = (
				89863A7D25D83135009DA417 /* RandomTimerTests.swift */,
				89863A7F25D83135009DA417 /* Info.plist */,
			);
			path = RandomTimerTests;
			sourceTree = "<group>";
		};
		89863A8725D83135009DA417 /* RandomTimerUITests */ = {
			isa = PBXGroup;
			children = (
				89863A8825D83135009DA417 /* RandomTimerUITests.swift */,
				89863A8A25D83135009DA417 /* Info.plist */,
			);
			path = RandomTimerUITests;
			sourceTree = "<group>";
		};
/* End PBXGroup section */

/* Begin PBXNativeTarget section */
		89863A6725D83133009DA417 /* RandomTimer */ = {
			isa = PBXNativeTarget;
			buildConfigurationList = 89863A8D25D83135009DA417 /* Build configuration list for PBXNativeTarget "RandomTimer" */;
			buildPhases = (
				89863A6425D83133009DA417 /* Sources */,
				89863A6525D83133009DA417 /* Frameworks */,
				89863A6625D83133009DA417 /* Resources */,
			);
			buildRules = (
			);
			dependencies = (
			);
			name = RandomTimer;
			productName = RandomTimer;
			productReference = 89863A6825D83133009DA417 /* RandomTimer.app */;
			productType = "com.apple.product-type.application";
		};
		89863A7825D83135009DA417 /* RandomTimerTests */ = {
			isa = PBXNativeTarget;
			buildConfigurationList = 89863A9025D83135009DA417 /* Build configuration list for PBXNativeTarget "RandomTimerTests" */;
			buildPhases = (
				89863A7525D83135009DA417 /* Sources */,
				89863A7625D83135009DA417 /* Frameworks */,
				89863A7725D83135009DA417 /* Resources */,
			);
			buildRules = (
			);
			dependencies = (
				89863A7B25D83135009DA417 /* PBXTargetDependency */,
			);
			name = RandomTimerTests;
			productName = RandomTimerTests;
			productReference = 89863A7925D83135009DA417 /* RandomTimerTests.xctest */;
			productType = "com.apple.product-type.bundle.unit-test";
		};
		89863A8325D83135009DA417 /* RandomTimerUITests */ = {
			isa = PBXNativeTarget;
			buildConfigurationList = 89863A9325D83135009DA417 /* Build configuration list for PBXNativeTarget "RandomTimerUITests" */;
			buildPhases = (
				89863A8025D83135009DA417 /* Sources */,
				89863A8125D83135009DA417 /* Frameworks */,
				89863A8225D83135009DA417 /* Resources */,
			);
			buildRules = (
			);
			dependencies = (
				89863A8625D83135009DA417 /* PBXTargetDependency */,
			);
			name = RandomTimerUITests;
			productName = RandomTimerUITests;
			productReference = 89863A8425D83135009DA417 /* RandomTimerUITests.xctest */;
			productType = "com.apple.product-type.bundle.ui-testing";
		};
/* End PBXNativeTarget section */

/* Begin PBXProject section */
		89863A6025D83133009DA417 /* Project object */ = {
			isa = PBXProject;
			attributes = {
				LastSwiftUpdateCheck = 1240;
				LastUpgradeCheck = 1240;
				TargetAttributes = {
					89863A6725D83133009DA417 = {
						CreatedOnToolsVersion = 12.4;
					};
					89863A7825D83135009DA417 = {
						CreatedOnToolsVersion = 12.4;
						TestTargetID = 89863A6725D83133009DA417;
					};
					89863A8325D83135009DA417 = {
						CreatedOnToolsVersion = 12.4;
						TestTargetID = 89863A6725D83133009DA417;
					};
				};
			};
			buildConfigurationList = 89863A6325D83133009DA417 /* Build configuration list for PBXProject "RandomTimer" */;
			compatibilityVersion = "Xcode 9.3";
			developmentRegion = en;
			hasScannedForEncodings = 0;
			knownRegions = (
				en,
				Base,
			);
			mainGroup = 89863A5F25D83133009DA417;
			productRefGroup = 89863A6925D83133009DA417 /* Products */;
			projectDirPath = "";
			projectRoot = "";
			targets = (
				89863A6725D83133009DA417 /* RandomTimer */,
				89863A7825D83135009DA417 /* RandomTimerTests */,
				89863A8325D83135009DA417 /* RandomTimerUITests */,
			);
		};
/* End PBXProject section */

/* Begin PBXResourcesBuildPhase section */
		89863A6625D83133009DA417 /* Resources */ = {
			isa = PBXResourcesBuildPhase;
			buildActionMask = 2147483647;
			files = (
				89863A7325D83134009DA417 /* Preview Assets.xcassets in Resources */,
				89863A7025D83134009DA417 /* Assets.xcassets in Resources */,
			);
			runOnlyForDeploymentPostprocessing = 0;
		};
		89863A7725D83135009DA417 /* Resources */ = {
			isa = PBXResourcesBuildPhase;
			buildActionMask = 2147483647;
			files = (
			);
			runOnlyForDeploymentPostprocessing = 0;
		};
		89863A8225D83135009DA417 /* Resources */ = {
			isa = PBXResourcesBuildPhase;
			buildActionMask = 2147483647;
			files = (
			);
			runOnlyForDeploymentPostprocessing = 0;
		};
/* End PBXResourcesBuildPhase section */

/* Begin PBXSourcesBuildPhase section */
		89863A6425D83133009DA417 /* Sources */ = {
			isa = PBXSourcesBuildPhase;
			buildActionMask = 2147483647;
			files = (
				89863A6E25D83133009DA417 /* ContentView.swift in Sources */,
				89863A6C25D83133009DA417 /* RandomTimerApp.swift in Sources */,
			);
			runOnlyForDeploymentPostprocessing = 0;
		};
		89863A7525D83135009DA417 /* Sources */ = {
			isa = PBXSourcesBuildPhase;
			buildActionMask = 2147483647;
			files = (
				89863A7E25D83135009DA417 /* RandomTimerTests.swift in Sources */,
			);
			runOnlyForDeploymentPostprocessing = 0;
		};
		89863A8025D83135009DA417 /* Sources */ = {
			isa = PBXSourcesBuildPhase;
			buildActionMask = 2147483647;
			files = (
				89863A8925D83135009DA417 /* RandomTimerUITests.swift in Sources */,
			);
			runOnlyForDeploymentPostprocessing = 0;
		};
/* End PBXSourcesBuildPhase section */

/* Begin PBXTargetDependency section */
		89863A7B25D83135009DA417 /* PBXTargetDependency */ = {
			isa = PBXTargetDependency;
			target = 89863A6725D83133009DA417 /* RandomTimer */;
			targetProxy = 89863A7A25D83135009DA417 /* PBXContainerItemProxy */;
		};
		89863A8625D83135009DA417 /* PBXTargetDependency */ = {
			isa = PBXTargetDependency;
			target = 89863A6725D83133009DA417 /* RandomTimer */;
			targetProxy = 89863A8525D83135009DA417 /* PBXContainerItemProxy */;
		};
/* End PBXTargetDependency section */

/* Begin XCBuildConfiguration section */
		89863A8B25D83135009DA417 /* Debug */ = {
			isa = XCBuildConfiguration;
			buildSettings = {
				ALWAYS_SEARCH_USER_PATHS = NO;
				CLANG_ANALYZER_NONNULL = YES;
				CLANG_ANALYZER_NUMBER_OBJECT_CONVERSION = YES_AGGRESSIVE;
				CLANG_CXX_LANGUAGE_STANDARD = "gnu++14";
				CLANG_CXX_LIBRARY = "libc++";
				CLANG_ENABLE_MODULES = YES;
				CLANG_ENABLE_OBJC_ARC = YES;
				CLANG_ENABLE_OBJC_WEAK = YES;
				CLANG_WARN_BLOCK_CAPTURE_AUTORELEASING = YES;
				CLANG_WARN_BOOL_CONVERSION = YES;
				CLANG_WARN_COMMA = YES;
				CLANG_WARN_CONSTANT_CONVERSION = YES;
				CLANG_WARN_DEPRECATED_OBJC_IMPLEMENTATIONS = YES;
				CLANG_WARN_DIRECT_OBJC_ISA_USAGE = YES_ERROR;
				CLANG_WARN_DOCUMENTATION_COMMENTS = YES;
				CLANG_WARN_EMPTY_BODY = YES;
				CLANG_WARN_ENUM_CONVERSION = YES;
				CLANG_WARN_INFINITE_RECURSION = YES;
				CLANG_WARN_INT_CONVERSION = YES;
				CLANG_WARN_NON_LITERAL_NULL_CONVERSION = YES;
				CLANG_WARN_OBJC_IMPLICIT_RETAIN_SELF = YES;
				CLANG_WARN_OBJC_LITERAL_CONVERSION = YES;
				CLANG_WARN_OBJC_ROOT_CLASS = YES_ERROR;
				CLANG_WARN_QUOTED_INCLUDE_IN_FRAMEWORK_HEADER = YES;
				CLANG_WARN_RANGE_LOOP_ANALYSIS = YES;
				CLANG_WARN_STRICT_PROTOTYPES = YES;
				CLANG_WARN_SUSPICIOUS_MOVE = YES;
				CLANG_WARN_UNGUARDED_AVAILABILITY = YES_AGGRESSIVE;
				CLANG_WARN_UNREACHABLE_CODE = YES;
				CLANG_WARN__DUPLICATE_METHOD_MATCH = YES;
				COPY_PHASE_STRIP = NO;
				DEBUG_INFORMATION_FORMAT = dwarf;
				ENABLE_STRICT_OBJC_MSGSEND = YES;
				ENABLE_TESTABILITY = YES;
				GCC_C_LANGUAGE_STANDARD = gnu11;
				GCC_DYNAMIC_NO_PIC = NO;
				GCC_NO_COMMON_BLOCKS = YES;
				GCC_OPTIMIZATION_LEVEL = 0;
				GCC_PREPROCESSOR_DEFINITIONS = (
					"DEBUG=1",
					"$(inherited)",
				);
				GCC_WARN_64_TO_32_BIT_CONVERSION = YES;
				GCC_WARN_ABOUT_RETURN_TYPE = YES_ERROR;
				GCC_WARN_UNDECLARED_SELECTOR = YES;
				GCC_WARN_UNINITIALIZED_AUTOS = YES_AGGRESSIVE;
				GCC_WARN_UNUSED_FUNCTION = YES;
				GCC_WARN_UNUSED_VARIABLE = YES;
				IPHONEOS_DEPLOYMENT_TARGET = 14.4;
				MTL_ENABLE_DEBUG_INFO = INCLUDE_SOURCE;
				MTL_FAST_MATH = YES;
				ONLY_ACTIVE_ARCH = YES;
				SDKROOT = iphoneos;
				SWIFT_ACTIVE_COMPILATION_CONDITIONS = DEBUG;
				SWIFT_OPTIMIZATION_LEVEL = "-Onone";
			};
			name = Debug;
		};
		89863A8C25D83135009DA417 /* Release */ = {
			isa = XCBuildConfiguration;
			buildSettings = {
				ALWAYS_SEARCH_USER_PATHS = NO;
				CLANG_ANALYZER_NONNULL = YES;
				CLANG_ANALYZER_NUMBER_OBJECT_CONVERSION = YES_AGGRESSIVE;
				CLANG_CXX_LANGUAGE_STANDARD = "gnu++14";
				CLANG_CXX_LIBRARY = "libc++";
				CLANG_ENABLE_MODULES = YES;
				CLANG_ENABLE_OBJC_ARC = YES;
				CLANG_ENABLE_OBJC_WEAK = YES;
				CLANG_WARN_BLOCK_CAPTURE_AUTORELEASING = YES;
				CLANG_WARN_BOOL_CONVERSION = YES;
				CLANG_WARN_COMMA = YES;
				CLANG_WARN_CONSTANT_CONVERSION = YES;
				CLANG_WARN_DEPRECATED_OBJC_IMPLEMENTATIONS = YES;
				CLANG_WARN_DIRECT_OBJC_ISA_USAGE = YES_ERROR;
				CLANG_WARN_DOCUMENTATION_COMMENTS = YES;
				CLANG_WARN_EMPTY_BODY = YES;
				CLANG_WARN_ENUM_CONVERSION = YES;
				CLANG_WARN_INFINITE_RECURSION = YES;
				CLANG_WARN_INT_CONVERSION = YES;
				CLANG_WARN_NON_LITERAL_NULL_CONVERSION = YES;
				CLANG_WARN_OBJC_IMPLICIT_RETAIN_SELF = YES;
				CLANG_WARN_OBJC_LITERAL_CONVERSION = YES;
				CLANG_WARN_OBJC_ROOT_CLASS = YES_ERROR;
				CLANG_WARN_QUOTED_INCLUDE_IN_FRAMEWORK_HEADER = YES;
				CLANG_WARN_RANGE_LOOP_ANALYSIS = YES;
				CLANG_WARN_STRICT_PROTOTYPES = YES;
				CLANG_WARN_SUSPICIOUS_MOVE = YES;
				CLANG_WARN_UNGUARDED_AVAILABILITY = YES_AGGRESSIVE;
				CLANG_WARN_UNREACHABLE_CODE = YES;
				CLANG_WARN__DUPLICATE_METHOD_MATCH = YES;
				COPY_PHASE_STRIP = NO;
				DEBUG_INFORMATION_FORMAT = "dwarf-with-dsym";
				ENABLE_NS_ASSERTIONS = NO;
				ENABLE_STRICT_OBJC_MSGSEND = YES;
				GCC_C_LANGUAGE_STANDARD = gnu11;
				GCC_NO_COMMON_BLOCKS = YES;
				GCC_WARN_64_TO_32_BIT_CONVERSION = YES;
				GCC_WARN_ABOUT_RETURN_TYPE = YES_ERROR;
				GCC_WARN_UNDECLARED_SELECTOR = YES;
				GCC_WARN_UNINITIALIZED_AUTOS = YES_AGGRESSIVE;
				GCC_WARN_UNUSED_FUNCTION = YES;
				GCC_WARN_UNUSED_VARIABLE = YES;
				IPHONEOS_DEPLOYMENT_TARGET = 14.4;
				MTL_ENABLE_DEBUG_INFO = NO;
				MTL_FAST_MATH = YES;
				SDKROOT = iphoneos;
				SWIFT_COMPILATION_MODE = wholemodule;
				SWIFT_OPTIMIZATION_LEVEL = "-O";
				VALIDATE_PRODUCT = YES;
			};
			name = Release;
		};
		89863A8E25D83135009DA417 /* Debug */ = {
			isa = XCBuildConfiguration;
			buildSettings = {
				ASSETCATALOG_COMPILER_APPICON_NAME = AppIcon;
				ASSETCATALOG_COMPILER_GLOBAL_ACCENT_COLOR_NAME = AccentColor;
				CODE_SIGN_STYLE = Automatic;
				DEVELOPMENT_ASSET_PATHS = "\"RandomTimer/Preview Content\"";
				DEVELOPMENT_TEAM = MH8GQLL8BR;
				ENABLE_PREVIEWS = YES;
				INFOPLIST_FILE = RandomTimer/Info.plist;
				IPHONEOS_DEPLOYMENT_TARGET = 14.0;
				LD_RUNPATH_SEARCH_PATHS = (
					"$(inherited)",
					"@executable_path/Frameworks",
				);
				PRODUCT_BUNDLE_IDENTIFIER = nl.dutchvirtual.RandomTimer;
				PRODUCT_NAME = "$(TARGET_NAME)";
				SWIFT_VERSION = 5.0;
				TARGETED_DEVICE_FAMILY = "1,2";
			};
			name = Debug;
		};
		89863A8F25D83135009DA417 /* Release */ = {
			isa = XCBuildConfiguration;
			buildSettings = {
				ASSETCATALOG_COMPILER_APPICON_NAME = AppIcon;
				ASSETCATALOG_COMPILER_GLOBAL_ACCENT_COLOR_NAME = AccentColor;
				CODE_SIGN_STYLE = Automatic;
				DEVELOPMENT_ASSET_PATHS = "\"RandomTimer/Preview Content\"";
				DEVELOPMENT_TEAM = MH8GQLL8BR;
				ENABLE_PREVIEWS = YES;
				INFOPLIST_FILE = RandomTimer/Info.plist;
				IPHONEOS_DEPLOYMENT_TARGET = 14.0;
				LD_RUNPATH_SEARCH_PATHS = (
					"$(inherited)",
					"@executable_path/Frameworks",
				);
				PRODUCT_BUNDLE_IDENTIFIER = nl.dutchvirtual.RandomTimer;
				PRODUCT_NAME = "$(TARGET_NAME)";
				SWIFT_VERSION = 5.0;
				TARGETED_DEVICE_FAMILY = "1,2";
			};
			name = Release;
		};
		89863A9125D83135009DA417 /* Debug */ = {
			isa = XCBuildConfiguration;
			buildSettings = {
				ALWAYS_EMBED_SWIFT_STANDARD_LIBRARIES = YES;
				BUNDLE_LOADER = "$(TEST_HOST)";
				CODE_SIGN_STYLE = Automatic;
				DEVELOPMENT_TEAM = MH8GQLL8BR;
				INFOPLIST_FILE = RandomTimerTests/Info.plist;
				IPHONEOS_DEPLOYMENT_TARGET = 14.0;
				LD_RUNPATH_SEARCH_PATHS = (
					"$(inherited)",
					"@executable_path/Frameworks",
					"@loader_path/Frameworks",
				);
				PRODUCT_BUNDLE_IDENTIFIER = nl.dutchvirtual.RandomTimerTests;
				PRODUCT_NAME = "$(TARGET_NAME)";
				SWIFT_VERSION = 5.0;
				TARGETED_DEVICE_FAMILY = "1,2";
				TEST_HOST = "$(BUILT_PRODUCTS_DIR)/RandomTimer.app/RandomTimer";
			};
			name = Debug;
		};
		89863A9225D83135009DA417 /* Release */ = {
			isa = XCBuildConfiguration;
			buildSettings = {
				ALWAYS_EMBED_SWIFT_STANDARD_LIBRARIES = YES;
				BUNDLE_LOADER = "$(TEST_HOST)";
				CODE_SIGN_STYLE = Automatic;
				DEVELOPMENT_TEAM = MH8GQLL8BR;
				INFOPLIST_FILE = RandomTimerTests/Info.plist;
				IPHONEOS_DEPLOYMENT_TARGET = 14.0;
				LD_RUNPATH_SEARCH_PATHS = (
					"$(inherited)",
					"@executable_path/Frameworks",
					"@loader_path/Frameworks",
				);
				PRODUCT_BUNDLE_IDENTIFIER = nl.dutchvirtual.RandomTimerTests;
				PRODUCT_NAME = "$(TARGET_NAME)";
				SWIFT_VERSION = 5.0;
				TARGETED_DEVICE_FAMILY = "1,2";
				TEST_HOST = "$(BUILT_PRODUCTS_DIR)/RandomTimer.app/RandomTimer";
			};
			name = Release;
		};
		89863A9425D83135009DA417 /* Debug */ = {
			isa = XCBuildConfiguration;
			buildSettings = {
				ALWAYS_EMBED_SWIFT_STANDARD_LIBRARIES = YES;
				CODE_SIGN_STYLE = Automatic;
				DEVELOPMENT_TEAM = MH8GQLL8BR;
				INFOPLIST_FILE = RandomTimerUITests/Info.plist;
				LD_RUNPATH_SEARCH_PATHS = (
					"$(inherited)",
					"@executable_path/Frameworks",
					"@loader_path/Frameworks",
				);
				PRODUCT_BUNDLE_IDENTIFIER = nl.dutchvirtual.RandomTimerUITests;
				PRODUCT_NAME = "$(TARGET_NAME)";
				SWIFT_VERSION = 5.0;
				TARGETED_DEVICE_FAMILY = "1,2";
				TEST_TARGET_NAME = RandomTimer;
			};
			name = Debug;
		};
		89863A9525D83135009DA417 /* Release */ = {
			isa = XCBuildConfiguration;
			buildSettings = {
				ALWAYS_EMBED_SWIFT_STANDARD_LIBRARIES = YES;
				CODE_SIGN_STYLE = Automatic;
				DEVELOPMENT_TEAM = MH8GQLL8BR;
				INFOPLIST_FILE = RandomTimerUITests/Info.plist;
				LD_RUNPATH_SEARCH_PATHS = (
					"$(inherited)",
					"@executable_path/Frameworks",
					"@loader_path/Frameworks",
				);
				PRODUCT_BUNDLE_IDENTIFIER = nl.dutchvirtual.RandomTimerUITests;
				PRODUCT_NAME = "$(TARGET_NAME)";
				SWIFT_VERSION = 5.0;
				TARGETED_DEVICE_FAMILY = "1,2";
				TEST_TARGET_NAME = RandomTimer;
			};
			name = Release;
		};
/* End XCBuildConfiguration section */

/* Begin XCConfigurationList section */
		89863A6325D83133009DA417 /* Build configuration list for PBXProject "RandomTimer" */ = {
			isa = XCConfigurationList;
			buildConfigurations = (
				89863A8B25D83135009DA417 /* Debug */,
				89863A8C25D83135009DA417 /* Release */,
			);
			defaultConfigurationIsVisible = 0;
			defaultConfigurationName = Release;
		};
		89863A8D25D83135009DA417 /* Build configuration list for PBXNativeTarget "RandomTimer" */ = {
			isa = XCConfigurationList;
			buildConfigurations = (
				89863A8E25D83135009DA417 /* Debug */,
				89863A8F25D83135009DA417 /* Release */,
			);
			defaultConfigurationIsVisible = 0;
			defaultConfigurationName = Release;
		};
		89863A9025D83135009DA417 /* Build configuration list for PBXNativeTarget "RandomTimerTests" */ = {
			isa = XCConfigurationList;
			buildConfigurations = (
				89863A9125D83135009DA417 /* Debug */,
				89863A9225D83135009DA417 /* Release */,
			);
			defaultConfigurationIsVisible = 0;
			defaultConfigurationName = Release;
		};
		89863A9325D83135009DA417 /* Build configuration list for PBXNativeTarget "RandomTimerUITests" */ = {
			isa = XCConfigurationList;
			buildConfigurations = (
				89863A9425D83135009DA417 /* Debug */,
				89863A9525D83135009DA417 /* Release */,
			);
			defaultConfigurationIsVisible = 0;
			defaultConfigurationName = Release;
		};
/* End XCConfigurationList section */
	};
	rootObject = 89863A6025D83133009DA417 /* Project object */;
}
